
Microsoft Visual Studio Solution File, Format Version 12.00
# Visual Studio Version 16
VisualStudioVersion = 16.0.29911.84
MinimumVisualStudioVersion = 10.0.40219.1
Project("{FAE04EC0-301F-11D3-BF4B-00C04F79EFBC}") = "Chaoter03", "Chaoter03\Chaoter03.csproj", "{4E104336-476A-4AAB-A520-DD8CC94D9AFF}"
EndProject
Project("{FAE04EC0-301F-11D3-BF4B-00C04F79EFBC}") = "Chapter4", "Chapter4\Chapter4.csproj", "{7B225E32-1029-438A-BDCF-023F35FA8BC7}"
EndProject
Project("{FAE04EC0-301F-11D3-BF4B-00C04F79EFBC}") = "Chapter5", "Chapter5\Chapter5.csproj", "{62BEA00F-FC36-436B-B152-EF5E1AB6C9A9}"
EndProject
Project("{FAE04EC0-301F-11D3-BF4B-00C04F79EFBC}") = "Chapter6", "Chapter6\Chapter6.csproj", "{D105A1F5-61A3-4FFA-8F84-4E4C2885B222}"
EndProject
Project("{FAE04EC0-301F-11D3-BF4B-00C04F79EFBC}") = "Chapter7", "Chapter7\Chapter7.csproj", "{63FDFA08-9839-46B5-A9BE-B5A4D7612C9C}"
EndProject
Global
	GlobalSection(SolutionConfigurationPlatforms) = preSolution
		Debug|Any CPU = Debug|Any CPU
		Release|Any CPU = Release|Any CPU
	EndGlobalSection
	GlobalSection(ProjectConfigurationPlatforms) = postSolution
		{4E104336-476A-4AAB-A520-DD8CC94D9AFF}.Debug|Any CPU.ActiveCfg = Debug|Any CPU
		{4E104336-476A-4AAB-A520-DD8CC94D9AFF}.Debug|Any CPU.Build.0 = Debug|Any CPU
		{4E104336-476A-4AAB-A520-DD8CC94D9AFF}.Release|Any CPU.ActiveCfg = Release|Any CPU
		{4E104336-476A-4AAB-A520-DD8CC94D9AFF}.Release|Any CPU.Build.0 = Release|Any CPU
		{7B225E32-1029-438A-BDCF-023F35FA8BC7}.Debug|Any CPU.ActiveCfg = Debug|Any CPU
		{7B225E32-1029-438A-BDCF-023F35FA8BC7}.Debug|Any CPU.Build.0 = Debug|Any CPU
		{7B225E32-1029-438A-BDCF-023F35FA8BC7}.Release|Any CPU.ActiveCfg = Release|Any CPU
		{7B225E32-1029-438A-BDCF-023F35FA8BC7}.Release|Any CPU.Build.0 = Release|Any CPU
		{62BEA00F-FC36-436B-B152-EF5E1AB6C9A9}.Debug|Any CPU.ActiveCfg = Debug|Any CPU
		{62BEA00F-FC36-436B-B152-EF5E1AB6C9A9}.Debug|Any CPU.Build.0 = Debug|Any CPU
		{62BEA00F-FC36-436B-B152-EF5E1AB6C9A9}.Release|Any CPU.ActiveCfg = Release|Any CPU
		{62BEA00F-FC36-436B-B152-EF5E1AB6C9A9}.Release|Any CPU.Build.0 = Release|Any CPU
		{D105A1F5-61A3-4FFA-8F84-4E4C2885B222}.Debug|Any CPU.ActiveCfg = Debug|Any CPU
		{D105A1F5-61A3-4FFA-8F84-4E4C2885B222}.Debug|Any CPU.Build.0 = Debug|Any CPU
		{D105A1F5-61A3-4FFA-8F84-4E4C2885B222}.Release|Any CPU.ActiveCfg = Release|Any CPU
		{D105A1F5-61A3-4FFA-8F84-4E4C2885B222}.Release|Any CPU.Build.0 = Release|Any CPU
		{63FDFA08-9839-46B5-A9BE-B5A4D7612C9C}.Debug|Any CPU.ActiveCfg = Debug|Any CPU
		{63FDFA08-9839-46B5-A9BE-B5A4D7612C9C}.Debug|Any CPU.Build.0 = Debug|Any CPU
		{63FDFA08-9839-46B5-A9BE-B5A4D7612C9C}.Release|Any CPU.ActiveCfg = Release|Any CPU
		{63FDFA08-9839-46B5-A9BE-B5A4D7612C9C}.Release|Any CPU.Build.0 = Release|Any CPU
	EndGlobalSection
	GlobalSection(SolutionProperties) = preSolution
		HideSolutionNode = FALSE
	EndGlobalSection
	GlobalSection(ExtensibilityGlobals) = postSolution
		SolutionGuid = {B0E56C24-717F-45F2-8E8C-B91C65D8D65B}
	EndGlobalSection
EndGlobal
